<Solution>
  <Project Path="SpessaSharp.Tool\SpessaSharp.Tool.csproj" />
  <Project Path="SpessaSharp/SpessaSharp.csproj" />

  <Folder Name="/Root/SpessaSharp.Examples/">
    <File Path="SpessaSharp.Examples\AnalyzeMidiFile.cs" />
    <File Path="SpessaSharp.Examples\assets\Fleetwood Mac - Little Lies.mid" />
    <File Path="SpessaSharp.Examples\assets\SuperSmallFont.md" />
    <File Path="SpessaSharp.Examples\assets\SuperSmallFont.sf2" />
    <File Path="SpessaSharp.Examples\DlsToSf2.cs" />
    <File Path="SpessaSharp.Examples\ExtractFirstSampleAsWav.cs" />
    <File Path="SpessaSharp.Examples\GenerateDrumPattern.cs" />
    <File Path="SpessaSharp.Examples\MidiToWavNode.cs" />
    <File Path="SpessaSharp.Examples\OwnAudioPlayer.cs" />
    <File Path="SpessaSharp.Examples\PrintBankInfo.cs" />
    <File Path="SpessaSharp.Examples\RealtimeMidiSynth.cs" />
    <File Path="SpessaSharp.Examples\RMidiConverter.cs" />
    <File Path="SpessaSharp.Examples\RMidWriter.cs" />
    <File Path="SpessaSharp.Examples\Sf2ToDls.cs" />
    <File Path="SpessaSharp.Examples\SfmlPlayer.cs" />
  </Folder>
  <Folder Name="/Root/">
    <File Path="clean.sh" />
    <File Path="LICENSE" />
    <File Path="README.md" />
  </Folder>
  <Folder Name="/Root/.github/">
    <File Path=".github\workflows\docfx.yaml" />
    <File Path=".github\workflows\nuget-github.yaml" />
    <File Path=".github\workflows\nuget-nightly.yaml" />
    <File Path=".github\workflows\nuget.yaml" />
    <File Path=".github\workflows\sstool.yml" />
  </Folder>
  <Folder Name="/Root/.github/ISSUE_TEMPLATE/">
    <File Path=".github\ISSUE_TEMPLATE\bug_report.yml" />
    <File Path=".github\ISSUE_TEMPLATE\config.yml" />
    <File Path=".github\ISSUE_TEMPLATE\feature_request.yml" />
  </Folder>
  <!-- Tests -->
  <Folder Name="/Root/SpessaSharp.Tests/">
    <File Path="SpessaSharp.Tests\midi\MidiTestMaker.cs" />
    <File Path="SpessaSharp.Tests\test.sh" />
  </Folder>
  <Folder Name="/Root/SpessaSharp.Tests/MidiEditor/">
    <File Path="SpessaSharp.Tests\midi\midi_editor\MidiEditorMidiParams.cs" />
  </Folder>
  <Folder Name="/Root/SpessaSharp.Tests/cc/">
    <File Path="SpessaSharp.Tests\midi\cc\SoftPedal.cs" />
    <File Path="SpessaSharp.Tests\midi\cc\RPNFineTuning.cs" />
    <File Path="SpessaSharp.Tests\midi\cc\RealtimeRPNTuning.cs" />
  </Folder>
  <Folder Name="/Root/SpessaSharp.Tests/other/">
    <File Path="SpessaSharp.Tests\midi\other\AssignMode.cs" />
    <File Path="SpessaSharp.Tests\midi\other\DrumSpam.cs" />
    <File Path="SpessaSharp.Tests\midi\other\MonoMode.cs" />
    <File Path="SpessaSharp.Tests\midi\other\OverlappingNotesTest.cs" />
    <File Path="SpessaSharp.Tests\midi\other\VelocitySense.cs" />
    <File Path="SpessaSharp.Tests\midi\other\VelocitySenseBug.cs" />
  </Folder>
  <Folder Name="/Root/SpessaSharp.Tests/gs/">
    <File Path="SpessaSharp.Tests\midi\gs\Filter.cs" />
    <File Path="SpessaSharp.Tests\midi\gs\PatchCommonParameters.cs" />
    <File Path="SpessaSharp.Tests\midi\gs\ControllerMatrix.cs" />
  </Folder>
  <Folder Name="/Root/SpessaSharp.Tests/efx/">
    <File Path="SpessaSharp.Tests\midi\efx\Tremolo.cs" />
    <File Path="SpessaSharp.Tests\midi\efx\StereoEQ.cs" />
  </Folder>
</Solution>
